
Microsoft Visual Studio Solution File, Format Version 12.00
# Visual Studio Version 16
VisualStudioVersion = 16.0.30517.126
MinimumVisualStudioVersion = 10.0.40219.1
Project("{FAE04EC0-301F-11D3-BF4B-00C04F79EFBC}") = "Blazor_Wasm_Upload", "Blazor_Wasm_Upload.csproj", "{F5598485-A13B-45E2-B660-7E97CBCD71A7}"
EndProject
Global
	GlobalSection(SolutionConfigurationPlatforms) = preSolution
		Debug|Any CPU = Debug|Any CPU
		Release|Any CPU = Release|Any CPU
	EndGlobalSection
	GlobalSection(ProjectConfigurationPlatforms) = postSolution
		{F5598485-A13B-45E2-B660-7E97CBCD71A7}.Debug|Any CPU.ActiveCfg = Debug|Any CPU
		{F5598485-A13B-45E2-B660-7E97CBCD71A7}.Debug|Any CPU.Build.0 = Debug|Any CPU
		{F5598485-A13B-45E2-B660-7E97CBCD71A7}.Release|Any CPU.ActiveCfg = Release|Any CPU
		{F5598485-A13B-45E2-B660-7E97CBCD71A7}.Release|Any CPU.Build.0 = Release|Any CPU
	EndGlobalSection
	GlobalSection(SolutionProperties) = preSolution
		HideSolutionNode = FALSE
	EndGlobalSection
	GlobalSection(ExtensibilityGlobals) = postSolution
		SolutionGuid = {D38A3DA0-A1C7-4D9F-9EED-30B5E5FA08B5}
	EndGlobalSection
EndGlobal
